{
  "version": 2,
  "dependencies": {
    "net10.0": {
      "FSharp.Analyzers.Build": {
        "type": "Direct",
        "requested": "[0.5.0, )",
        "resolved": "0.5.0",
        "contentHash": "KzsZeI3sMK36DloK3nKdHGb8RBeDqitxdqrWQV35DNsLAdx/a9OBFhHngTbnmY6F7Q+urcd/SQvbMcIqFPuD+A=="
      },
      "FSharp.SystemTextJson": {
        "type": "Direct",
        "requested": "[1.4.36, )",
        "resolved": "1.4.36",
        "contentHash": "1xLk0SBF1nedD74B77rcArjD2d+DeZwbNI7BVCAyKwIBERo1VoX8Mf4AtX0OV2L3ZeM/XS1b6BuhXCyoh0KBnw==",
        "dependencies": {
          "FSharp.Core": "4.7.0"
        }
      },
      "G-Research.FSharp.Analyzers": {
        "type": "Direct",
        "requested": "[0.20.0, )",
        "resolved": "0.20.0",
        "contentHash": "BgITRarNHqWRPVhDOtbXWIOhdAoAgFmlajiTXQeNy5XA2MZpGPhQMS4Pl+UZac+9AEA5be0uTL+/H5DylrAXfA=="
      },
      "Giraffe": {
        "type": "Direct",
        "requested": "[8.2.0, )",
        "resolved": "8.2.0",
        "contentHash": "GlrgfkGKnKbbLfPBpXVBXBEca0wwz+iI9Ba74j3Hcx/rMXLFLqs0WjDhNVfsU7FB585e3VxEcb12XoyOFrsklA==",
        "dependencies": {
          "FSharp.Core": "6.0.0",
          "FSharp.SystemTextJson": "1.3.13",
          "Giraffe.ViewEngine": "1.4.0",
          "Microsoft.IO.RecyclableMemoryStream": "3.0.1"
        }
      },
      "Ionide.Analyzers": {
        "type": "Direct",
        "requested": "[0.14.10, )",
        "resolved": "0.14.10",
        "contentHash": "8syGGXOfETcHZWG346XYDzMXmnDvGK7kbxdpphoLWRryyXNQaoxnhT0FsM4wukI8bYA9pmzho8PSh6WpQFSo4g=="
      },
      "Scalar.AspNetCore": {
        "type": "Direct",
        "requested": "[2.0.0, )",
        "resolved": "2.0.0",
        "contentHash": "7o7frlvcpz2qKQGJHP1aS/9vOvEguhEB4mJU3O8VqBuDOu5VGncgfxkhnsOIA0jOKTTe2Apy8zu24L8ShM8j9A=="
      },
      "Giraffe.ViewEngine": {
        "type": "Transitive",
        "resolved": "1.4.0",
        "contentHash": "gWzlp8KGDLaPHMm/xGzfLT1e9wZaJhBKhEuMsPRBSn7wAMkSgMcaqJlWl8mFGCcOOx0r9UyDJvCJJQyljYmo+g==",
        "dependencies": {
          "FSharp.Core": "5.0.0"
        }
      },
      "Microsoft.IO.RecyclableMemoryStream": {
        "type": "Transitive",
        "resolved": "3.0.1",
        "contentHash": "s/s20YTVY9r9TPfTrN5g8zPF1YhwxyqO6PxUkrYTGI2B+OGPe9AdajWZrLhFqXIvqIW23fnUE4+ztrUWNU1+9g=="
      },
      "Microsoft.OpenApi": {
        "type": "Transitive",
        "resolved": "2.0.0",
        "contentHash": "GGYLfzV/G/ct80OZ45JxnWP7NvMX1BCugn/lX7TH5o0lcVaviavsLMTxmFV2AybXWjbi3h6FF1vgZiTK6PXndw=="
      },
      "giraffe.openapi": {
        "type": "Project",
        "dependencies": {
          "FSharp.SystemTextJson": "[1.4.36, )",
          "Giraffe": "[8.2.0, )",
          "Microsoft.AspNetCore.OpenApi": "[10.0.0, )"
        }
      },
      "FSharp.Core": {
        "type": "CentralTransitive",
        "requested": "[10.0.100, )",
        "resolved": "6.0.0",
        "contentHash": "fbv1UwJ2LXVcFCt+GGDPu0sIYA5C6gdDvAupDj3iLQF3clRkua/6J33f+FiGQa8P1tEa+zmz3wrjoTnXZ1UiYg=="
      },
      "Microsoft.AspNetCore.OpenApi": {
        "type": "CentralTransitive",
        "requested": "[10.0.0, )",
        "resolved": "10.0.0",
        "contentHash": "0aqIF1t+sA2T62LIeMtXGSiaV7keGQaJnvwwmu+htQdjCaKYARfXAeqp4nHH9y2etpilyZ/tnQzZg4Ilmo/c4Q==",
        "dependencies": {
          "Microsoft.OpenApi": "2.0.0"
        }
      }
    }
  }
}