{
  "version": 2,
  "dependencies": {
    "net8.0": {
      "FSharp.Analyzers.Build": {
        "type": "Direct",
        "requested": "[0.3.0, )",
        "resolved": "0.3.0",
        "contentHash": "twj4mNJLOEjHK6OQJCAbix2d8ODG5RySASejQ/v2fLgoqyRqYsXmceFaXb17ZE1pNrfenjwv/xpR+GembufaZA=="
      },
      "G-Research.FSharp.Analyzers": {
        "type": "Direct",
        "requested": "[0.10.0, )",
        "resolved": "0.10.0",
        "contentHash": "Xk38biuQ2gE3w8bA4F/cPC+OgxxhLAAW6RHavgopQ5VcuaJFjC9w0RHUyxOQUG3iqZvX4o9to911IW6pOWYEEg=="
      },
      "Giraffe": {
        "type": "Direct",
        "requested": "[7.0.0-alpha-001, )",
        "resolved": "7.0.0-alpha-001",
        "contentHash": "bJnXSFtMXz0XaOw4NGBFCm1gkurWICqHVBofj+jdfcTqGQ349zqXwWb5yocjN8S5jb/+rLG0Tw5Nq+jzRQLdOQ==",
        "dependencies": {
          "FSharp.Core": "6.0.0",
          "Giraffe.ViewEngine": "1.4.0",
          "Microsoft.IO.RecyclableMemoryStream": "3.0.1",
          "System.Text.Json": "8.0.3"
        }
      },
      "Ionide.Analyzers": {
        "type": "Direct",
        "requested": "[0.11.0, )",
        "resolved": "0.11.0",
        "contentHash": "HBkw31cN47nszwTDEWjTiun+q9i4wozRJr9tqZ7tiRsGWkFvbjnkNBHPuDOtVAAhti49zRr/v+ezn4L7fWgS4g=="
      },
      "Swashbuckle.AspNetCore": {
        "type": "Direct",
        "requested": "[6.6.2, )",
        "resolved": "6.6.2",
        "contentHash": "+NB4UYVYN6AhDSjW0IJAd1AGD8V33gemFNLPaxKTtPkHB+HaKAKf9MGAEUPivEWvqeQfcKIw8lJaHq6LHljRuw==",
        "dependencies": {
          "Microsoft.Extensions.ApiDescription.Server": "6.0.5",
          "Swashbuckle.AspNetCore.Swagger": "6.6.2",
          "Swashbuckle.AspNetCore.SwaggerGen": "6.6.2",
          "Swashbuckle.AspNetCore.SwaggerUI": "6.6.2"
        }
      },
      "Giraffe.ViewEngine": {
        "type": "Transitive",
        "resolved": "1.4.0",
        "contentHash": "gWzlp8KGDLaPHMm/xGzfLT1e9wZaJhBKhEuMsPRBSn7wAMkSgMcaqJlWl8mFGCcOOx0r9UyDJvCJJQyljYmo+g==",
        "dependencies": {
          "FSharp.Core": "5.0.0"
        }
      },
      "Microsoft.Build.Tasks.Git": {
        "type": "Transitive",
        "resolved": "8.0.0",
        "contentHash": "bZKfSIKJRXLTuSzLudMFte/8CempWjVamNUR5eHJizsy+iuOuO/k2gnh7W0dHJmYY0tBf+gUErfluCv5mySAOQ=="
      },
      "Microsoft.Extensions.ApiDescription.Server": {
        "type": "Transitive",
        "resolved": "6.0.5",
        "contentHash": "Ckb5EDBUNJdFWyajfXzUIMRkhf52fHZOQuuZg/oiu8y7zDCVwD0iHhew6MnThjHmevanpxL3f5ci2TtHQEN6bw=="
      },
      "Microsoft.IO.RecyclableMemoryStream": {
        "type": "Transitive",
        "resolved": "3.0.1",
        "contentHash": "s/s20YTVY9r9TPfTrN5g8zPF1YhwxyqO6PxUkrYTGI2B+OGPe9AdajWZrLhFqXIvqIW23fnUE4+ztrUWNU1+9g=="
      },
      "Microsoft.OpenApi": {
        "type": "Transitive",
        "resolved": "1.6.14",
        "contentHash": "tTaBT8qjk3xINfESyOPE2rIellPvB7qpVqiWiyA/lACVvz+xOGiXhFUfohcx82NLbi5avzLW0lx+s6oAqQijfw=="
      },
      "Microsoft.SourceLink.Common": {
        "type": "Transitive",
        "resolved": "8.0.0",
        "contentHash": "dk9JPxTCIevS75HyEQ0E4OVAFhB2N+V9ShCXf8Q6FkUQZDkgLI12y679Nym1YqsiSysuQskT7Z+6nUf3yab6Vw=="
      },
      "Swashbuckle.AspNetCore.Swagger": {
        "type": "Transitive",
        "resolved": "6.6.2",
        "contentHash": "ovgPTSYX83UrQUWiS5vzDcJ8TEX1MAxBgDFMK45rC24MorHEPQlZAHlaXj/yth4Zf6xcktpUgTEBvffRQVwDKA==",
        "dependencies": {
          "Microsoft.OpenApi": "1.6.14"
        }
      },
      "Swashbuckle.AspNetCore.SwaggerGen": {
        "type": "Transitive",
        "resolved": "6.6.2",
        "contentHash": "zv4ikn4AT1VYuOsDCpktLq4QDq08e7Utzbir86M5/ZkRaLXbCPF11E1/vTmOiDzRTl0zTZINQU2qLKwTcHgfrA==",
        "dependencies": {
          "Swashbuckle.AspNetCore.Swagger": "6.6.2"
        }
      },
      "Swashbuckle.AspNetCore.SwaggerUI": {
        "type": "Transitive",
        "resolved": "6.6.2",
        "contentHash": "mBBb+/8Hm2Q3Wygag+hu2jj69tZW5psuv0vMRXY07Wy+Rrj40vRP8ZTbKBhs91r45/HXT4aY4z0iSBYx1h6JvA=="
      },
      "System.Text.Encodings.Web": {
        "type": "Transitive",
        "resolved": "8.0.0",
        "contentHash": "yev/k9GHAEGx2Rg3/tU6MQh4HGBXJs70y7j1LaM1i/ER9po+6nnQ6RRqTJn1E7Xu0fbIFK80Nh5EoODxrbxwBQ=="
      },
      "System.Text.Json": {
        "type": "Transitive",
        "resolved": "8.0.3",
        "contentHash": "hpagS9joOwv6efWfrMmV9MjQXpiXZH72PgN067Ysfr6AWMSD1/1hEcvh/U5mUpPLezEWsOJSuVrmqDIVD958iA==",
        "dependencies": {
          "System.Text.Encodings.Web": "8.0.0"
        }
      },
      "giraffe.openapi": {
        "type": "Project",
        "dependencies": {
          "Giraffe": "[7.0.0-alpha-001, )",
          "Microsoft.AspNetCore.OpenApi": "[8.0.6, )",
          "Microsoft.SourceLink.GitHub": "[8.0.0, )"
        }
      },
      "FSharp.Core": {
        "type": "CentralTransitive",
        "requested": "[8.0.300, )",
        "resolved": "6.0.0",
        "contentHash": "fbv1UwJ2LXVcFCt+GGDPu0sIYA5C6gdDvAupDj3iLQF3clRkua/6J33f+FiGQa8P1tEa+zmz3wrjoTnXZ1UiYg=="
      },
      "Microsoft.AspNetCore.OpenApi": {
        "type": "CentralTransitive",
        "requested": "[8.0.6, )",
        "resolved": "8.0.6",
        "contentHash": "G0Qdo5ZtxmBFZ41CFRopZbSVeS/xwezmqZE0vLYcggoB7EEsPOUKSWnSrJPC2C+02iANAnnq6bSMIlKBgdqCmA==",
        "dependencies": {
          "Microsoft.OpenApi": "1.4.3"
        }
      },
      "Microsoft.SourceLink.GitHub": {
        "type": "CentralTransitive",
        "requested": "[8.0.0, )",
        "resolved": "8.0.0",
        "contentHash": "G5q7OqtwIyGTkeIOAc3u2ZuV/kicQaec5EaRnc0pIeSnh9LUjj+PYQrJYBURvDt7twGl2PKA7nSN0kz1Zw5bnQ==",
        "dependencies": {
          "Microsoft.Build.Tasks.Git": "8.0.0",
          "Microsoft.SourceLink.Common": "8.0.0"
        }
      }
    }
  }
}