{
  "version": 2,
  "dependencies": {
    "net8.0": {
      "FSharp.Analyzers.Build": {
        "type": "Direct",
        "requested": "[0.3.0, )",
        "resolved": "0.3.0",
        "contentHash": "twj4mNJLOEjHK6OQJCAbix2d8ODG5RySASejQ/v2fLgoqyRqYsXmceFaXb17ZE1pNrfenjwv/xpR+GembufaZA=="
      },
      "G-Research.FSharp.Analyzers": {
        "type": "Direct",
        "requested": "[0.13.0, )",
        "resolved": "0.13.0",
        "contentHash": "jiuoG2zwoXJlsx9cJ1kMojASwSfm/nleGSU2R3pzckvl7G1STihLIekYCezozc6eGpVxELTlcwJF83EoBD55qA=="
      },
      "Giraffe": {
        "type": "Direct",
        "requested": "[7.0.2, )",
        "resolved": "7.0.2",
        "contentHash": "AwUqNORb9OmsqIGTAmbQtZBHoWz0yxACHA/xJqby3usUaqBUmrcz5dflVzPWUvqkulWPntwdRkQlzdt9zeEr6Q==",
        "dependencies": {
          "FSharp.Core": "6.0.0",
          "FSharp.SystemTextJson": "1.3.13",
          "Giraffe.ViewEngine": "1.4.0",
          "Microsoft.IO.RecyclableMemoryStream": "3.0.1",
          "System.Text.Json": "8.0.5"
        }
      },
      "Ionide.Analyzers": {
        "type": "Direct",
        "requested": "[0.14.0, )",
        "resolved": "0.14.0",
        "contentHash": "bklebzRcXu7TBq3YdEc/H9WpMwIvIu4doA1QMAZTKvbHgKm/GH0wNW/A77JQ317mVUQ4tdgVXN1TrIc2Tpi8+g=="
      },
      "Swashbuckle.AspNetCore": {
        "type": "Direct",
        "requested": "[7.3.1, )",
        "resolved": "7.3.1",
        "contentHash": "6u8w+UXp/sF89xQjfydWw6znQrUpbpFOmEIs8ODE+S0bV+mCQ9dNP4mk+HRsGHylpDaP5KSYSCEfFSgluLXHsA==",
        "dependencies": {
          "Microsoft.Extensions.ApiDescription.Server": "6.0.5",
          "Swashbuckle.AspNetCore.Swagger": "7.3.1",
          "Swashbuckle.AspNetCore.SwaggerGen": "7.3.1",
          "Swashbuckle.AspNetCore.SwaggerUI": "7.3.1"
        }
      },
      "FSharp.SystemTextJson": {
        "type": "Transitive",
        "resolved": "1.3.13",
        "contentHash": "znp8odpdkVGKVX0AvbhiXdmeMi0KJ+A4AyAQWSkfAEAe4Z4clRE+rVhrLnAGrFD1VEIUX2lsQ4o84ywpWZUSGw==",
        "dependencies": {
          "FSharp.Core": "4.7.0",
          "System.Text.Json": "6.0.0"
        }
      },
      "Giraffe.ViewEngine": {
        "type": "Transitive",
        "resolved": "1.4.0",
        "contentHash": "gWzlp8KGDLaPHMm/xGzfLT1e9wZaJhBKhEuMsPRBSn7wAMkSgMcaqJlWl8mFGCcOOx0r9UyDJvCJJQyljYmo+g==",
        "dependencies": {
          "FSharp.Core": "5.0.0"
        }
      },
      "Microsoft.Extensions.ApiDescription.Server": {
        "type": "Transitive",
        "resolved": "6.0.5",
        "contentHash": "Ckb5EDBUNJdFWyajfXzUIMRkhf52fHZOQuuZg/oiu8y7zDCVwD0iHhew6MnThjHmevanpxL3f5ci2TtHQEN6bw=="
      },
      "Microsoft.IO.RecyclableMemoryStream": {
        "type": "Transitive",
        "resolved": "3.0.1",
        "contentHash": "s/s20YTVY9r9TPfTrN5g8zPF1YhwxyqO6PxUkrYTGI2B+OGPe9AdajWZrLhFqXIvqIW23fnUE4+ztrUWNU1+9g=="
      },
      "Microsoft.OpenApi": {
        "type": "Transitive",
        "resolved": "1.6.22",
        "contentHash": "aBvunmrdu/x+4CaA/UP1Jx4xWGwk4kymhoIRnn2Vp+zi5/KOPQJ9EkSXHRUr01WcGKtYl3Au7XfkPJbU1G2sjQ=="
      },
      "Swashbuckle.AspNetCore.Swagger": {
        "type": "Transitive",
        "resolved": "7.3.1",
        "contentHash": "jQuJ8kVbq+YE8WsJE3RwWHlF1kasp0QkA9Gl6NeNLICrhcgN8IQIthMufYW6t/4hpcN5cBIdES5jCEV81WjHbA==",
        "dependencies": {
          "Microsoft.OpenApi": "1.6.22"
        }
      },
      "Swashbuckle.AspNetCore.SwaggerGen": {
        "type": "Transitive",
        "resolved": "7.3.1",
        "contentHash": "xs7Pznb3SSjZy7HpThE0ILqECfQFsGDHOrRoIYD/j67ktdRR1juDG4AMyidXXCOipgzHanZoF+nFrc+Nmjqjyw==",
        "dependencies": {
          "Swashbuckle.AspNetCore.Swagger": "7.3.1"
        }
      },
      "Swashbuckle.AspNetCore.SwaggerUI": {
        "type": "Transitive",
        "resolved": "7.3.1",
        "contentHash": "hs6C+lmNEzipOA1WPQpIaGvvoXjUbnoevbv6l7o9ZQE8SNF8ggjOmK6NB6cYdMcEvk0uBeKl4Qq/BnRt5MFVqg=="
      },
      "System.Text.Json": {
        "type": "Transitive",
        "resolved": "8.0.5",
        "contentHash": "0f1B50Ss7rqxXiaBJyzUu9bWFOO2/zSlifZ/UNMdiIpDYe4cY4LQQicP4nirK1OS31I43rn062UIJ1Q9bpmHpg=="
      },
      "giraffe.openapi": {
        "type": "Project",
        "dependencies": {
          "Giraffe": "[7.0.2, )",
          "Microsoft.AspNetCore.OpenApi": "[8.0.13, )"
        }
      },
      "FSharp.Core": {
        "type": "CentralTransitive",
        "requested": "[8.0.300, )",
        "resolved": "6.0.0",
        "contentHash": "fbv1UwJ2LXVcFCt+GGDPu0sIYA5C6gdDvAupDj3iLQF3clRkua/6J33f+FiGQa8P1tEa+zmz3wrjoTnXZ1UiYg=="
      },
      "Microsoft.AspNetCore.OpenApi": {
        "type": "CentralTransitive",
        "requested": "[8.0.13, )",
        "resolved": "8.0.13",
        "contentHash": "j5Ti7HD/nQpYM5re8QefQc0XyiNOagIaINIAdOPyeRgxKW69f1optcaQxi7Z7jM1q8Rsqw1IMZDig9mJsBZqPw==",
        "dependencies": {
          "Microsoft.OpenApi": "1.4.3"
        }
      }
    }
  }
}