{
  "version": 2,
  "dependencies": {
    "net8.0": {
      "FSharp.Analyzers.Build": {
        "type": "Direct",
        "requested": "[0.3.0, )",
        "resolved": "0.3.0",
        "contentHash": "twj4mNJLOEjHK6OQJCAbix2d8ODG5RySASejQ/v2fLgoqyRqYsXmceFaXb17ZE1pNrfenjwv/xpR+GembufaZA=="
      },
      "G-Research.FSharp.Analyzers": {
        "type": "Direct",
        "requested": "[0.14.0, )",
        "resolved": "0.14.0",
        "contentHash": "Gtba1tCui0VsjVvGP+eQydDt3PM9fJvQ/Y1wniR4+ATpKfAFe7twQuOGkaMfdLLcLbNAe99ZKOnMo4bCyEA1XQ=="
      },
      "Giraffe": {
        "type": "Direct",
        "requested": "[7.0.2, )",
        "resolved": "7.0.2",
        "contentHash": "AwUqNORb9OmsqIGTAmbQtZBHoWz0yxACHA/xJqby3usUaqBUmrcz5dflVzPWUvqkulWPntwdRkQlzdt9zeEr6Q==",
        "dependencies": {
          "FSharp.Core": "6.0.0",
          "FSharp.SystemTextJson": "1.3.13",
          "Giraffe.ViewEngine": "1.4.0",
          "Microsoft.IO.RecyclableMemoryStream": "3.0.1",
          "System.Text.Json": "8.0.5"
        }
      },
      "Ionide.Analyzers": {
        "type": "Direct",
        "requested": "[0.14.4, )",
        "resolved": "0.14.4",
        "contentHash": "mKcHEcDx+vjZTg2vm2cYjzr4UtqMGVs1TDhMQwSNveJNhFixxB2J+ZSGN/EihK/R+z989nLYnO1awAjzrqnVVQ=="
      },
      "Swashbuckle.AspNetCore": {
        "type": "Direct",
        "requested": "[8.1.1, )",
        "resolved": "8.1.1",
        "contentHash": "HJHexmU0PiYevgTLvKjYkxEtclF2w4O7iTd3Ef3p6KeT0kcYLpkFVgCw6glpGS57h8769anv8G+NFi9Kge+/yw==",
        "dependencies": {
          "Microsoft.Extensions.ApiDescription.Server": "6.0.5",
          "Swashbuckle.AspNetCore.Swagger": "8.1.1",
          "Swashbuckle.AspNetCore.SwaggerGen": "8.1.1",
          "Swashbuckle.AspNetCore.SwaggerUI": "8.1.1"
        }
      },
      "FSharp.SystemTextJson": {
        "type": "Transitive",
        "resolved": "1.3.13",
        "contentHash": "znp8odpdkVGKVX0AvbhiXdmeMi0KJ+A4AyAQWSkfAEAe4Z4clRE+rVhrLnAGrFD1VEIUX2lsQ4o84ywpWZUSGw==",
        "dependencies": {
          "FSharp.Core": "4.7.0",
          "System.Text.Json": "6.0.0"
        }
      },
      "Giraffe.ViewEngine": {
        "type": "Transitive",
        "resolved": "1.4.0",
        "contentHash": "gWzlp8KGDLaPHMm/xGzfLT1e9wZaJhBKhEuMsPRBSn7wAMkSgMcaqJlWl8mFGCcOOx0r9UyDJvCJJQyljYmo+g==",
        "dependencies": {
          "FSharp.Core": "5.0.0"
        }
      },
      "Microsoft.Extensions.ApiDescription.Server": {
        "type": "Transitive",
        "resolved": "6.0.5",
        "contentHash": "Ckb5EDBUNJdFWyajfXzUIMRkhf52fHZOQuuZg/oiu8y7zDCVwD0iHhew6MnThjHmevanpxL3f5ci2TtHQEN6bw=="
      },
      "Microsoft.IO.RecyclableMemoryStream": {
        "type": "Transitive",
        "resolved": "3.0.1",
        "contentHash": "s/s20YTVY9r9TPfTrN5g8zPF1YhwxyqO6PxUkrYTGI2B+OGPe9AdajWZrLhFqXIvqIW23fnUE4+ztrUWNU1+9g=="
      },
      "Microsoft.OpenApi": {
        "type": "Transitive",
        "resolved": "1.6.23",
        "contentHash": "tZ1I0KXnn98CWuV8cpI247A17jaY+ILS9vvF7yhI0uPPEqF4P1d7BWL5Uwtel10w9NucllHB3nTkfYTAcHAh8g=="
      },
      "Swashbuckle.AspNetCore.Swagger": {
        "type": "Transitive",
        "resolved": "8.1.1",
        "contentHash": "h+8D5jQtnl6X4f2hJQwf0Khj0SnCQANzirCELjXJ6quJ4C1aNNCvJrAsQ+4fOKAMqJkvW48cKj79ftG+YoGcRg==",
        "dependencies": {
          "Microsoft.OpenApi": "1.6.23"
        }
      },
      "Swashbuckle.AspNetCore.SwaggerGen": {
        "type": "Transitive",
        "resolved": "8.1.1",
        "contentHash": "2EuPzXSNleOOzYvziERWRLnk1Oz9i0Z1PimaUFy1SasBqeV/rG+eMfwFAMtTaf4W6gvVOzRcUCNRHvpBIIzr+A==",
        "dependencies": {
          "Swashbuckle.AspNetCore.Swagger": "8.1.1"
        }
      },
      "Swashbuckle.AspNetCore.SwaggerUI": {
        "type": "Transitive",
        "resolved": "8.1.1",
        "contentHash": "GDLX/MpK4oa2nYC1N/zN2UidQTtVKLPF6gkdEmGb0RITEwpJG9Gu8olKqPYnKqVeFn44JZoCS0M2LGRKXP8B/A=="
      },
      "System.Text.Json": {
        "type": "Transitive",
        "resolved": "8.0.5",
        "contentHash": "0f1B50Ss7rqxXiaBJyzUu9bWFOO2/zSlifZ/UNMdiIpDYe4cY4LQQicP4nirK1OS31I43rn062UIJ1Q9bpmHpg=="
      },
      "giraffe.openapi": {
        "type": "Project",
        "dependencies": {
          "Giraffe": "[7.0.2, )",
          "Microsoft.AspNetCore.OpenApi": "[8.0.15, )"
        }
      },
      "FSharp.Core": {
        "type": "CentralTransitive",
        "requested": "[8.0.300, )",
        "resolved": "6.0.0",
        "contentHash": "fbv1UwJ2LXVcFCt+GGDPu0sIYA5C6gdDvAupDj3iLQF3clRkua/6J33f+FiGQa8P1tEa+zmz3wrjoTnXZ1UiYg=="
      },
      "Microsoft.AspNetCore.OpenApi": {
        "type": "CentralTransitive",
        "requested": "[8.0.15, )",
        "resolved": "8.0.15",
        "contentHash": "Nu/I5tek+FbumgyrfNAxcPZd8uQi6VTYfZ+6Wr/JYrHFM6zb6DJx99v5QjMnsf9ePHkUto0zvUFVaA2gpiV9mQ==",
        "dependencies": {
          "Microsoft.OpenApi": "1.4.3"
        }
      }
    }
  }
}